
Microsoft Visual Studio Solution File, Format Version 12.00
# Visual Studio Version 17
VisualStudioVersion = 17.14.36518.9 d17.14
MinimumVisualStudioVersion = 10.0.40219.1
Project("{FAE04EC0-301F-11D3-BF4B-00C04F79EFBC}") = "Information-Management-Nov1", "Information-Management-Nov1\Information-Management-Nov1.csproj", "{B59ECB24-8B40-4E8F-A4C9-D978BABBB6FA}"
EndProject
Global
	GlobalSection(SolutionConfigurationPlatforms) = preSolution
		Debug|Any CPU = Debug|Any CPU
		Release|Any CPU = Release|Any CPU
	EndGlobalSection
	GlobalSection(ProjectConfigurationPlatforms) = postSolution
		{B59ECB24-8B40-4E8F-A4C9-D978BABBB6FA}.Debug|Any CPU.ActiveCfg = Debug|Any CPU
		{B59ECB24-8B40-4E8F-A4C9-D978BABBB6FA}.Debug|Any CPU.Build.0 = Debug|Any CPU
		{B59ECB24-8B40-4E8F-A4C9-D978BABBB6FA}.Release|Any CPU.ActiveCfg = Release|Any CPU
		{B59ECB24-8B40-4E8F-A4C9-D978BABBB6FA}.Release|Any CPU.Build.0 = Release|Any CPU
	EndGlobalSection
	GlobalSection(SolutionProperties) = preSolution
		HideSolutionNode = FALSE
	EndGlobalSection
	GlobalSection(ExtensibilityGlobals) = postSolution
		SolutionGuid = {2B8819B3-665B-431E-B205-0E81FDF3526A}
	EndGlobalSection
EndGlobal
